
Microsoft Visual Studio Solution File, Format Version 12.00
# Visual Studio Version 16
VisualStudioVersion = 16.0.29519.87
MinimumVisualStudioVersion = 10.0.40219.1
Project("{FAE04EC0-301F-11D3-BF4B-00C04F79EFBC}") = "CardanoMarsMission", "CardanoMarsRover\CardanoMarsMission.csproj", "{50EC917B-CC43-4367-BF14-77CBFFAE1E7E}"
EndProject
Global
	GlobalSection(SolutionConfigurationPlatforms) = preSolution
		Debug|Any CPU = Debug|Any CPU
		Release|Any CPU = Release|Any CPU
	EndGlobalSection
	GlobalSection(ProjectConfigurationPlatforms) = postSolution
		{50EC917B-CC43-4367-BF14-77CBFFAE1E7E}.Debug|Any CPU.ActiveCfg = Debug|Any CPU
		{50EC917B-CC43-4367-BF14-77CBFFAE1E7E}.Debug|Any CPU.Build.0 = Debug|Any CPU
		{50EC917B-CC43-4367-BF14-77CBFFAE1E7E}.Release|Any CPU.ActiveCfg = Release|Any CPU
		{50EC917B-CC43-4367-BF14-77CBFFAE1E7E}.Release|Any CPU.Build.0 = Release|Any CPU
	EndGlobalSection
	GlobalSection(SolutionProperties) = preSolution
		HideSolutionNode = FALSE
	EndGlobalSection
	GlobalSection(ExtensibilityGlobals) = postSolution
		SolutionGuid = {A68FCF25-9EA6-419C-834F-E8C622AB9F80}
	EndGlobalSection
EndGlobal
